
Microsoft Visual Studio Solution File, Format Version 12.00
# Visual Studio Version 17
VisualStudioVersion = 17.9.34728.123
MinimumVisualStudioVersion = 10.0.40219.1
Project("{FAE04EC0-301F-11D3-BF4B-00C04F79EFBC}") = "EletricCar_Store", "EletricCar_Store\EletricCar_Store.csproj", "{4D633772-3073-4801-82B2-0509504E5242}"
EndProject
Global
	GlobalSection(SolutionConfigurationPlatforms) = preSolution
		Debug|Any CPU = Debug|Any CPU
		Release|Any CPU = Release|Any CPU
	EndGlobalSection
	GlobalSection(ProjectConfigurationPlatforms) = postSolution
		{4D633772-3073-4801-82B2-0509504E5242}.Debug|Any CPU.ActiveCfg = Debug|Any CPU
		{4D633772-3073-4801-82B2-0509504E5242}.Debug|Any CPU.Build.0 = Debug|Any CPU
		{4D633772-3073-4801-82B2-0509504E5242}.Release|Any CPU.ActiveCfg = Release|Any CPU
		{4D633772-3073-4801-82B2-0509504E5242}.Release|Any CPU.Build.0 = Release|Any CPU
	EndGlobalSection
	GlobalSection(SolutionProperties) = preSolution
		HideSolutionNode = FALSE
	EndGlobalSection
	GlobalSection(ExtensibilityGlobals) = postSolution
		SolutionGuid = {A32FE34B-4884-4937-82DA-FA1EFC1AEC25}
	EndGlobalSection
EndGlobal
